{
  "originHash" : "2a49c7eec8315fb4ff1557922cd5dc721b01ba51e6db14c8cd773cc0f48739ef",
  "pins" : [
    {
      "identity" : "capacitor-swift-pm",
      "kind" : "remoteSourceControl",
      "location" : "https://github.com/ionic-team/capacitor-swift-pm.git",
      "state" : {
        "revision" : "13a39179b3df796f3bb2e70c47ccdd92593f34d2",
        "version" : "8.0.2"
      }
    },
    {
      "identity" : "sdwebimage",
      "kind" : "remoteSourceControl",
      "location" : "https://github.com/SDWebImage/SDWebImage.git",
      "state" : {
        "revision" : "449e8f8f10377f620db8ad22ea81208eecf6325f",
        "version" : "5.21.6"
      }
    }
  ],
  "version" : 3
}
